{
  "nodes": {
    "animatecss-master": {
      "inputs": {
        "flakeNimbleLib": [
          "flakeNimbleLib"
        ],
        "nixpkgs": [
          "nixpkgs"
        ],
        "src-animatecss-master": "src-animatecss-master"
      },
      "locked": {
        "dir": "master",
        "lastModified": 1667322135,
        "narHash": "sha256-AHou2U9dRQrQbH/ClJKRsVL5w0s1/Dwu83itl7WRJIM=",
        "owner": "nim-nix-pkgs",
        "repo": "animatecss",
        "rev": "0ae592af66ea850a157e94c48a4076290d8d0a8b",
        "type": "github"
      },
      "original": {
        "dir": "master",
        "owner": "nim-nix-pkgs",
        "ref": "master",
        "repo": "animatecss",
        "type": "github"
      }
    },
    "flakeNimbleLib": {
      "inputs": {
        "nixpkgs": [
          "nixpkgs"
        ]
      },
      "locked": {
        "lastModified": 1662018438,
        "narHash": "sha256-QtNtU6+LX3Wokxf0zlFwKTFOcn6TeDjKQZ+DA9OYtvM=",
        "owner": "riinr",
        "repo": "nim-flakes-lib",
        "rev": "b1fe8340736e3a85d25c709ac3dfd82a55c03cbf",
        "type": "github"
      },
      "original": {
        "owner": "riinr",
        "ref": "master",
        "repo": "nim-flakes-lib",
        "type": "github"
      }
    },
    "nixpkgs": {
      "locked": {
        "lastModified": 1667199707,
        "narHash": "sha256-I2Js3Y7gUyVSEXPULHlBoRek4Lh85vnevdS6mdvDNLI=",
        "owner": "NixOS",
        "repo": "nixpkgs",
        "rev": "ced197be72099edcfa68ebed8b87af7b04851f45",
        "type": "github"
      },
      "original": {
        "id": "nixpkgs",
        "type": "indirect"
      }
    },
    "root": {
      "inputs": {
        "animatecss-master": "animatecss-master",
        "flakeNimbleLib": "flakeNimbleLib",
        "nixpkgs": "nixpkgs"
      }
    },
    "src-animatecss-master": {
      "flake": false,
      "locked": {
        "lastModified": 1636379493,
        "narHash": "sha256-vHDMRLyFzpqLVzsgkm92PXOCA9QHG3FmuB5wXzQJd/c=",
        "owner": "thisago",
        "repo": "animatecss",
        "rev": "7d03f0d2465d48f99a8270a53dc027197e68e85e",
        "type": "github"
      },
      "original": {
        "owner": "thisago",
        "ref": "refs/heads/master",
        "repo": "animatecss",
        "type": "github"
      }
    }
  },
  "root": "root",
  "version": 7
}
